
Microsoft Visual Studio Solution File, Format Version 12.00
# Visual Studio Version 17
VisualStudioVersion = 17.5.002.0
MinimumVisualStudioVersion = 10.0.40219.1
Project("{9A19103F-16F7-4668-BE54-9A1E7A4F7556}") = "task1", "task1\task1.csproj", "{956FDB75-5018-41F3-B39D-8762BC2AF26C}"
EndProject
Global
	GlobalSection(SolutionConfigurationPlatforms) = preSolution
		Debug|Any CPU = Debug|Any CPU
		Release|Any CPU = Release|Any CPU
	EndGlobalSection
	GlobalSection(ProjectConfigurationPlatforms) = postSolution
		{956FDB75-5018-41F3-B39D-8762BC2AF26C}.Debug|Any CPU.ActiveCfg = Debug|Any CPU
		{956FDB75-5018-41F3-B39D-8762BC2AF26C}.Debug|Any CPU.Build.0 = Debug|Any CPU
		{956FDB75-5018-41F3-B39D-8762BC2AF26C}.Release|Any CPU.ActiveCfg = Release|Any CPU
		{956FDB75-5018-41F3-B39D-8762BC2AF26C}.Release|Any CPU.Build.0 = Release|Any CPU
	EndGlobalSection
	GlobalSection(SolutionProperties) = preSolution
		HideSolutionNode = FALSE
	EndGlobalSection
	GlobalSection(ExtensibilityGlobals) = postSolution
		SolutionGuid = {5CF7FB61-E5A2-4318-AEDF-79DA5BBE962D}
	EndGlobalSection
EndGlobal
